
Microsoft Visual Studio Solution File, Format Version 12.00
# Visual Studio Version 17
VisualStudioVersion = 17.3.32929.385
MinimumVisualStudioVersion = 10.0.40219.1
Project("{FAE04EC0-301F-11D3-BF4B-00C04F79EFBC}") = "Tetris", "Tetris.csproj", "{50ED4059-4E46-47B3-9F0A-2FFC316FD21B}"
EndProject
Global
	GlobalSection(SolutionConfigurationPlatforms) = preSolution
		Debug|Any CPU = Debug|Any CPU
		Release|Any CPU = Release|Any CPU
	EndGlobalSection
	GlobalSection(ProjectConfigurationPlatforms) = postSolution
		{50ED4059-4E46-47B3-9F0A-2FFC316FD21B}.Debug|Any CPU.ActiveCfg = Debug|Any CPU
		{50ED4059-4E46-47B3-9F0A-2FFC316FD21B}.Debug|Any CPU.Build.0 = Debug|Any CPU
		{50ED4059-4E46-47B3-9F0A-2FFC316FD21B}.Release|Any CPU.ActiveCfg = Release|Any CPU
		{50ED4059-4E46-47B3-9F0A-2FFC316FD21B}.Release|Any CPU.Build.0 = Release|Any CPU
	EndGlobalSection
	GlobalSection(SolutionProperties) = preSolution
		HideSolutionNode = FALSE
	EndGlobalSection
	GlobalSection(ExtensibilityGlobals) = postSolution
		SolutionGuid = {6C3851F9-A0D3-4AD4-9CD5-BE3710B6BF0D}
	EndGlobalSection
EndGlobal
